
Microsoft Visual Studio Solution File, Format Version 12.00
# Visual Studio Version 16
VisualStudioVersion = 16.0.31410.357
MinimumVisualStudioVersion = 10.0.40219.1
Project("{FAE04EC0-301F-11D3-BF4B-00C04F79EFBC}") = "WebApplication6", "WebApplication6\WebApplication6.csproj", "{46D18B69-6557-4D44-8DA3-6D37125757A1}"
EndProject
Project("{FAE04EC0-301F-11D3-BF4B-00C04F79EFBC}") = "WcfService1", "WcfService1\WcfService1.csproj", "{3D680B5B-9486-4C81-B0CD-1D7C07E18A90}"
EndProject
Project("{FAE04EC0-301F-11D3-BF4B-00C04F79EFBC}") = "WcfService2", "WcfService2\WcfService2.csproj", "{7B2DED11-A1E8-47D8-8BC6-120858D24D87}"
EndProject
Project("{9A19103F-16F7-4668-BE54-9A1E7A4F7556}") = "WebApplication1", "WebApplication1\WebApplication1.csproj", "{32A6A447-49BD-4C0E-B3B2-4EE1FD5213B5}"
EndProject
Project("{FAE04EC0-301F-11D3-BF4B-00C04F79EFBC}") = "WcfService3", "WcfService3\WcfService3.csproj", "{F76408DB-D265-44AA-B65C-28C9FF522675}"
EndProject
Project("{FAE04EC0-301F-11D3-BF4B-00C04F79EFBC}") = "NetFWWeb1", "NetFWWeb1\NetFWWeb1.csproj", "{0567EDCA-E66B-4FF8-BDF1-85FE6BE8CC87}"
EndProject
Project("{9A19103F-16F7-4668-BE54-9A1E7A4F7556}") = "WebApplication2", "WebApplication2\WebApplication2.csproj", "{00A65062-A06D-4CFD-A28B-AB08ACFE1DA9}"
EndProject
Project("{FAE04EC0-301F-11D3-BF4B-00C04F79EFBC}") = "MyApp1", "MyApp1\MyApp1.csproj", "{A1C4CECF-3B4F-4C09-8BBC-F6ACD3303499}"
EndProject
Project("{FAE04EC0-301F-11D3-BF4B-00C04F79EFBC}") = "mywcfapp", "mywcfapp\mywcfapp.csproj", "{3C26951B-67F2-4A35-BF6A-18E7D5C1134F}"
EndProject
Project("{9A19103F-16F7-4668-BE54-9A1E7A4F7556}") = "DotNetCoreApp1", "DotNetCoreApp1\DotNetCoreApp1.csproj", "{177A46D1-4610-456C-AFE3-11387261E24C}"
EndProject
Project("{9A19103F-16F7-4668-BE54-9A1E7A4F7556}") = "LinuxCoreApp2", "LinuxCoreApp2\LinuxCoreApp2.csproj", "{82944235-6D54-4CA2-959B-8B20F02412C5}"
EndProject
Project("{9A19103F-16F7-4668-BE54-9A1E7A4F7556}") = "LinuxCoreApp1", "LinuxCoreApp1\LinuxCoreApp1.csproj", "{C8400083-0F18-4DD3-B835-C7C3850577D7}"
EndProject
Project("{2150E333-8FDC-42A3-9474-1A3956D46DE8}") = "Linux User Node Pool", "Linux User Node Pool", "{0C1A7CE2-AF16-4DA6-B8DE-0EB7750E46C4}"
EndProject
Project("{2150E333-8FDC-42A3-9474-1A3956D46DE8}") = "Windows User Node Pool", "Windows User Node Pool", "{9347D346-8E27-438C-B9F9-548CFA0C0A45}"
EndProject
Project("{FAE04EC0-301F-11D3-BF4B-00C04F79EFBC}") = "WcfServiceApp1", "WcfServiceApp1\WcfServiceApp1.csproj", "{A8858F7E-191B-43AD-BE3C-133F8F5937FC}"
EndProject
Project("{FAE04EC0-301F-11D3-BF4B-00C04F79EFBC}") = "WcfServiceApp2", "WcfServiceApp2\WcfServiceApp2.csproj", "{C5B901F5-2DB2-4788-BF62-915B0AAFF7F8}"
EndProject
Project("{9A19103F-16F7-4668-BE54-9A1E7A4F7556}") = "WindowsCoreApp1", "WindowsCoreApp1\WindowsCoreApp1.csproj", "{F039FABB-55E8-44E5-A2C6-1E51ED179883}"
EndProject
Project("{2150E333-8FDC-42A3-9474-1A3956D46DE8}") = "Windows Virtual Node Pool", "Windows Virtual Node Pool", "{CC78ACF4-6C07-493E-B24D-EC09EA4A7A9D}"
EndProject
Project("{FAE04EC0-301F-11D3-BF4B-00C04F79EFBC}") = "WVNWcfServiceApp1", "WVNWcfServiceApp1\WVNWcfServiceApp1.csproj", "{000E55A1-73E1-477D-9BF1-CDBE79791D80}"
EndProject
Project("{FAE04EC0-301F-11D3-BF4B-00C04F79EFBC}") = "WVNWcfServiceApp2", "WVNWcfServiceApp2\WVNWcfServiceApp2.csproj", "{FCF8BF86-1E26-4878-8B84-B6A7D3CB29AE}"
EndProject
Project("{2150E333-8FDC-42A3-9474-1A3956D46DE8}") = "Linux Virtual Node Pool", "Linux Virtual Node Pool", "{03FF7803-1F4E-404E-9ED8-D48F00F1FFD5}"
EndProject
Project("{FAE04EC0-301F-11D3-BF4B-00C04F79EFBC}") = "LVNCoreApp1", "LVNCoreApp1\LVNCoreApp1.csproj", "{624D31D0-DDF1-4B19-A117-48970F0165B9}"
EndProject
Project("{FAE04EC0-301F-11D3-BF4B-00C04F79EFBC}") = "LVNCoreApp2", "LVNCoreApp2\LVNCoreApp2.csproj", "{1BF7A4C5-8655-4C05-ADC1-EB97C78B8DCC}"
EndProject
Project("{FAE04EC0-301F-11D3-BF4B-00C04F79EFBC}") = "WVNCoreApp1", "WVNCoreApp1\WVNCoreApp1.csproj", "{E8B0BDA0-67CC-4C53-AF22-5D363E722F5E}"
EndProject
Global
	GlobalSection(SolutionConfigurationPlatforms) = preSolution
		Debug|Any CPU = Debug|Any CPU
		Release|Any CPU = Release|Any CPU
	EndGlobalSection
	GlobalSection(ProjectConfigurationPlatforms) = postSolution
		{46D18B69-6557-4D44-8DA3-6D37125757A1}.Debug|Any CPU.ActiveCfg = Debug|Any CPU
		{46D18B69-6557-4D44-8DA3-6D37125757A1}.Debug|Any CPU.Build.0 = Debug|Any CPU
		{46D18B69-6557-4D44-8DA3-6D37125757A1}.Release|Any CPU.ActiveCfg = Release|Any CPU
		{46D18B69-6557-4D44-8DA3-6D37125757A1}.Release|Any CPU.Build.0 = Release|Any CPU
		{3D680B5B-9486-4C81-B0CD-1D7C07E18A90}.Debug|Any CPU.ActiveCfg = Debug|Any CPU
		{3D680B5B-9486-4C81-B0CD-1D7C07E18A90}.Debug|Any CPU.Build.0 = Debug|Any CPU
		{3D680B5B-9486-4C81-B0CD-1D7C07E18A90}.Release|Any CPU.ActiveCfg = Release|Any CPU
		{3D680B5B-9486-4C81-B0CD-1D7C07E18A90}.Release|Any CPU.Build.0 = Release|Any CPU
		{7B2DED11-A1E8-47D8-8BC6-120858D24D87}.Debug|Any CPU.ActiveCfg = Debug|Any CPU
		{7B2DED11-A1E8-47D8-8BC6-120858D24D87}.Debug|Any CPU.Build.0 = Debug|Any CPU
		{7B2DED11-A1E8-47D8-8BC6-120858D24D87}.Release|Any CPU.ActiveCfg = Release|Any CPU
		{7B2DED11-A1E8-47D8-8BC6-120858D24D87}.Release|Any CPU.Build.0 = Release|Any CPU
		{32A6A447-49BD-4C0E-B3B2-4EE1FD5213B5}.Debug|Any CPU.ActiveCfg = Debug|Any CPU
		{32A6A447-49BD-4C0E-B3B2-4EE1FD5213B5}.Debug|Any CPU.Build.0 = Debug|Any CPU
		{32A6A447-49BD-4C0E-B3B2-4EE1FD5213B5}.Release|Any CPU.ActiveCfg = Release|Any CPU
		{32A6A447-49BD-4C0E-B3B2-4EE1FD5213B5}.Release|Any CPU.Build.0 = Release|Any CPU
		{F76408DB-D265-44AA-B65C-28C9FF522675}.Debug|Any CPU.ActiveCfg = Debug|Any CPU
		{F76408DB-D265-44AA-B65C-28C9FF522675}.Debug|Any CPU.Build.0 = Debug|Any CPU
		{F76408DB-D265-44AA-B65C-28C9FF522675}.Release|Any CPU.ActiveCfg = Release|Any CPU
		{F76408DB-D265-44AA-B65C-28C9FF522675}.Release|Any CPU.Build.0 = Release|Any CPU
		{0567EDCA-E66B-4FF8-BDF1-85FE6BE8CC87}.Debug|Any CPU.ActiveCfg = Debug|Any CPU
		{0567EDCA-E66B-4FF8-BDF1-85FE6BE8CC87}.Debug|Any CPU.Build.0 = Debug|Any CPU
		{0567EDCA-E66B-4FF8-BDF1-85FE6BE8CC87}.Release|Any CPU.ActiveCfg = Release|Any CPU
		{0567EDCA-E66B-4FF8-BDF1-85FE6BE8CC87}.Release|Any CPU.Build.0 = Release|Any CPU
		{00A65062-A06D-4CFD-A28B-AB08ACFE1DA9}.Debug|Any CPU.ActiveCfg = Debug|Any CPU
		{00A65062-A06D-4CFD-A28B-AB08ACFE1DA9}.Debug|Any CPU.Build.0 = Debug|Any CPU
		{00A65062-A06D-4CFD-A28B-AB08ACFE1DA9}.Release|Any CPU.ActiveCfg = Release|Any CPU
		{00A65062-A06D-4CFD-A28B-AB08ACFE1DA9}.Release|Any CPU.Build.0 = Release|Any CPU
		{A1C4CECF-3B4F-4C09-8BBC-F6ACD3303499}.Debug|Any CPU.ActiveCfg = Debug|Any CPU
		{A1C4CECF-3B4F-4C09-8BBC-F6ACD3303499}.Debug|Any CPU.Build.0 = Debug|Any CPU
		{A1C4CECF-3B4F-4C09-8BBC-F6ACD3303499}.Release|Any CPU.ActiveCfg = Release|Any CPU
		{A1C4CECF-3B4F-4C09-8BBC-F6ACD3303499}.Release|Any CPU.Build.0 = Release|Any CPU
		{3C26951B-67F2-4A35-BF6A-18E7D5C1134F}.Debug|Any CPU.ActiveCfg = Debug|Any CPU
		{3C26951B-67F2-4A35-BF6A-18E7D5C1134F}.Debug|Any CPU.Build.0 = Debug|Any CPU
		{3C26951B-67F2-4A35-BF6A-18E7D5C1134F}.Release|Any CPU.ActiveCfg = Release|Any CPU
		{3C26951B-67F2-4A35-BF6A-18E7D5C1134F}.Release|Any CPU.Build.0 = Release|Any CPU
		{177A46D1-4610-456C-AFE3-11387261E24C}.Debug|Any CPU.ActiveCfg = Debug|Any CPU
		{177A46D1-4610-456C-AFE3-11387261E24C}.Debug|Any CPU.Build.0 = Debug|Any CPU
		{177A46D1-4610-456C-AFE3-11387261E24C}.Release|Any CPU.ActiveCfg = Release|Any CPU
		{177A46D1-4610-456C-AFE3-11387261E24C}.Release|Any CPU.Build.0 = Release|Any CPU
		{82944235-6D54-4CA2-959B-8B20F02412C5}.Debug|Any CPU.ActiveCfg = Debug|Any CPU
		{82944235-6D54-4CA2-959B-8B20F02412C5}.Debug|Any CPU.Build.0 = Debug|Any CPU
		{82944235-6D54-4CA2-959B-8B20F02412C5}.Release|Any CPU.ActiveCfg = Release|Any CPU
		{82944235-6D54-4CA2-959B-8B20F02412C5}.Release|Any CPU.Build.0 = Release|Any CPU
		{C8400083-0F18-4DD3-B835-C7C3850577D7}.Debug|Any CPU.ActiveCfg = Debug|Any CPU
		{C8400083-0F18-4DD3-B835-C7C3850577D7}.Debug|Any CPU.Build.0 = Debug|Any CPU
		{C8400083-0F18-4DD3-B835-C7C3850577D7}.Release|Any CPU.ActiveCfg = Release|Any CPU
		{C8400083-0F18-4DD3-B835-C7C3850577D7}.Release|Any CPU.Build.0 = Release|Any CPU
		{A8858F7E-191B-43AD-BE3C-133F8F5937FC}.Debug|Any CPU.ActiveCfg = Debug|Any CPU
		{A8858F7E-191B-43AD-BE3C-133F8F5937FC}.Debug|Any CPU.Build.0 = Debug|Any CPU
		{A8858F7E-191B-43AD-BE3C-133F8F5937FC}.Release|Any CPU.ActiveCfg = Release|Any CPU
		{A8858F7E-191B-43AD-BE3C-133F8F5937FC}.Release|Any CPU.Build.0 = Release|Any CPU
		{C5B901F5-2DB2-4788-BF62-915B0AAFF7F8}.Debug|Any CPU.ActiveCfg = Debug|Any CPU
		{C5B901F5-2DB2-4788-BF62-915B0AAFF7F8}.Debug|Any CPU.Build.0 = Debug|Any CPU
		{C5B901F5-2DB2-4788-BF62-915B0AAFF7F8}.Release|Any CPU.ActiveCfg = Release|Any CPU
		{C5B901F5-2DB2-4788-BF62-915B0AAFF7F8}.Release|Any CPU.Build.0 = Release|Any CPU
		{F039FABB-55E8-44E5-A2C6-1E51ED179883}.Debug|Any CPU.ActiveCfg = Debug|Any CPU
		{F039FABB-55E8-44E5-A2C6-1E51ED179883}.Debug|Any CPU.Build.0 = Debug|Any CPU
		{F039FABB-55E8-44E5-A2C6-1E51ED179883}.Release|Any CPU.ActiveCfg = Release|Any CPU
		{F039FABB-55E8-44E5-A2C6-1E51ED179883}.Release|Any CPU.Build.0 = Release|Any CPU
		{000E55A1-73E1-477D-9BF1-CDBE79791D80}.Debug|Any CPU.ActiveCfg = Debug|Any CPU
		{000E55A1-73E1-477D-9BF1-CDBE79791D80}.Debug|Any CPU.Build.0 = Debug|Any CPU
		{000E55A1-73E1-477D-9BF1-CDBE79791D80}.Release|Any CPU.ActiveCfg = Release|Any CPU
		{000E55A1-73E1-477D-9BF1-CDBE79791D80}.Release|Any CPU.Build.0 = Release|Any CPU
		{FCF8BF86-1E26-4878-8B84-B6A7D3CB29AE}.Debug|Any CPU.ActiveCfg = Debug|Any CPU
		{FCF8BF86-1E26-4878-8B84-B6A7D3CB29AE}.Debug|Any CPU.Build.0 = Debug|Any CPU
		{FCF8BF86-1E26-4878-8B84-B6A7D3CB29AE}.Release|Any CPU.ActiveCfg = Release|Any CPU
		{FCF8BF86-1E26-4878-8B84-B6A7D3CB29AE}.Release|Any CPU.Build.0 = Release|Any CPU
		{624D31D0-DDF1-4B19-A117-48970F0165B9}.Debug|Any CPU.ActiveCfg = Debug|Any CPU
		{624D31D0-DDF1-4B19-A117-48970F0165B9}.Debug|Any CPU.Build.0 = Debug|Any CPU
		{624D31D0-DDF1-4B19-A117-48970F0165B9}.Release|Any CPU.ActiveCfg = Release|Any CPU
		{624D31D0-DDF1-4B19-A117-48970F0165B9}.Release|Any CPU.Build.0 = Release|Any CPU
		{1BF7A4C5-8655-4C05-ADC1-EB97C78B8DCC}.Debug|Any CPU.ActiveCfg = Debug|Any CPU
		{1BF7A4C5-8655-4C05-ADC1-EB97C78B8DCC}.Debug|Any CPU.Build.0 = Debug|Any CPU
		{1BF7A4C5-8655-4C05-ADC1-EB97C78B8DCC}.Release|Any CPU.ActiveCfg = Release|Any CPU
		{1BF7A4C5-8655-4C05-ADC1-EB97C78B8DCC}.Release|Any CPU.Build.0 = Release|Any CPU
		{E8B0BDA0-67CC-4C53-AF22-5D363E722F5E}.Debug|Any CPU.ActiveCfg = Debug|Any CPU
		{E8B0BDA0-67CC-4C53-AF22-5D363E722F5E}.Debug|Any CPU.Build.0 = Debug|Any CPU
		{E8B0BDA0-67CC-4C53-AF22-5D363E722F5E}.Release|Any CPU.ActiveCfg = Release|Any CPU
		{E8B0BDA0-67CC-4C53-AF22-5D363E722F5E}.Release|Any CPU.Build.0 = Release|Any CPU
	EndGlobalSection
	GlobalSection(SolutionProperties) = preSolution
		HideSolutionNode = FALSE
	EndGlobalSection
	GlobalSection(NestedProjects) = preSolution
		{82944235-6D54-4CA2-959B-8B20F02412C5} = {0C1A7CE2-AF16-4DA6-B8DE-0EB7750E46C4}
		{C8400083-0F18-4DD3-B835-C7C3850577D7} = {0C1A7CE2-AF16-4DA6-B8DE-0EB7750E46C4}
		{A8858F7E-191B-43AD-BE3C-133F8F5937FC} = {9347D346-8E27-438C-B9F9-548CFA0C0A45}
		{C5B901F5-2DB2-4788-BF62-915B0AAFF7F8} = {9347D346-8E27-438C-B9F9-548CFA0C0A45}
		{F039FABB-55E8-44E5-A2C6-1E51ED179883} = {9347D346-8E27-438C-B9F9-548CFA0C0A45}
		{000E55A1-73E1-477D-9BF1-CDBE79791D80} = {CC78ACF4-6C07-493E-B24D-EC09EA4A7A9D}
		{FCF8BF86-1E26-4878-8B84-B6A7D3CB29AE} = {CC78ACF4-6C07-493E-B24D-EC09EA4A7A9D}
		{624D31D0-DDF1-4B19-A117-48970F0165B9} = {03FF7803-1F4E-404E-9ED8-D48F00F1FFD5}
		{1BF7A4C5-8655-4C05-ADC1-EB97C78B8DCC} = {03FF7803-1F4E-404E-9ED8-D48F00F1FFD5}
		{E8B0BDA0-67CC-4C53-AF22-5D363E722F5E} = {CC78ACF4-6C07-493E-B24D-EC09EA4A7A9D}
	EndGlobalSection
	GlobalSection(ExtensibilityGlobals) = postSolution
		SolutionGuid = {13ED1CDE-527C-4113-92BD-6D5202C3E16B}
	EndGlobalSection
EndGlobal
